PODS:
  - Expecta (1.0.3)
  - OCHamcrest (7.0.2)
  - OCMockito (5.0.1):
    - OCHamcrest (~> 7.0)
  - OHHTTPStubs (4.3.0):
    - OHHTTPStubs/Default (= 4.3.0)
  - OHHTTPStubs/Core (4.3.0)
  - OHHTTPStubs/Default (4.3.0):
    - OHHTTPStubs/Core
    - OHHTTPStubs/JSON
    - OHHTTPStubs/NSURLSession
    - OHHTTPStubs/OHPathHelpers
  - OHHTTPStubs/JSON (4.3.0):
    - OHHTTPStubs/Core
  - OHHTTPStubs/NSURLSession (4.3.0):
    - OHHTTPStubs/Core
  - OHHTTPStubs/OHPathHelpers (4.3.0)
  - Specta (1.0.4)
  - Typhoon (3.3.3):
    - Typhoon/no-arc (= 3.3.3)
  - Typhoon/no-arc (3.3.3)

DEPENDENCIES:
  - Expecta (~> 1.0.0)
  - OCMockito (~> 5.0)
  - OHHTTPStubs
  - Specta (~> 1.0)
  - Typhoon

SPEC CHECKSUMS:
  Expecta: 9d1bff6c8b0eeee73a166a2ee898892478927a15
  OCHamcrest: 706bfbf69a3df55a873bad096014e80e2e8ca93c
  OCMockito: 063837a086c058e764fcd23e771089c1759e7197
  OHHTTPStubs: 0aec5755528693a165bd616cb79f69387de306a8
  Specta: 69bb134672aae190a1379ff91df07dad8dd1f869
  Typhoon: df3d23f59dccc8eda3e6535e58afd160ae60567e

PODFILE CHECKSUM: d0fc39cf729268ee6af852192bbce89407d98859

COCOAPODS: 1.4.0
