// !$*UTF8*$!
{
	archiveVersion = 1;
	classes = {
	};
	objectVersion = 46;
	objects = {

/* Begin PBXBuildFile section */
		69E9F89899023D38F5BE360B /* libPods-ConfreaksMTVTests.a in Frameworks */ = {isa = PBXBuildFile; fileRef = 2080276845C3AEE5C1870A13 /* libPods-ConfreaksMTVTests.a */; };
		92E39D575ED4D5AFAA78C57A /* libPods-ConfreaksMTV.a in Frameworks */ = {isa = PBXBuildFile; fileRef = 552E94B2526CFC55E1BD09A0 /* libPods-ConfreaksMTV.a */; };
		B01220371BB70F900018D566 /* main.m in Sources */ = {isa = PBXBuildFile; fileRef = B01220361BB70F900018D566 /* main.m */; };
		B012203A1BB70F900018D566 /* AppDelegate.m in Sources */ = {isa = PBXBuildFile; fileRef = B01220391BB70F900018D566 /* AppDelegate.m */; };
		B01220401BB70F900018D566 /* Main.storyboard in Resources */ = {isa = PBXBuildFile; fileRef = B012203E1BB70F900018D566 /* Main.storyboard */; };
		B01220421BB70F900018D566 /* Assets.xcassets in Resources */ = {isa = PBXBuildFile; fileRef = B01220411BB70F900018D566 /* Assets.xcassets */; };
		B01220451BB70F900018D566 /* LaunchScreen.storyboard in Resources */ = {isa = PBXBuildFile; fileRef = B01220431BB70F900018D566 /* LaunchScreen.storyboard */; };
		B012205B1BB70F900018D566 /* ConfreaksMTVUITests.m in Sources */ = {isa = PBXBuildFile; fileRef = B012205A1BB70F900018D566 /* ConfreaksMTVUITests.m */; };
		B0535BA51BD0748800B583E7 /* Fixtures.bundle in Resources */ = {isa = PBXBuildFile; fileRef = B0535BA41BD0748800B583E7 /* Fixtures.bundle */; };
		B06646B71BD319AC00D2041A /* FTResourceDownloaderSpec.m in Sources */ = {isa = PBXBuildFile; fileRef = B06646B61BD319AC00D2041A /* FTResourceDownloaderSpec.m */; };
		B07690051BC1E899008C8573 /* FTBaseProvider.m in Sources */ = {isa = PBXBuildFile; fileRef = B07690041BC1E899008C8573 /* FTBaseProvider.m */; };
		B07690071BC1E8B6008C8573 /* FTBaseProviderSpec.m in Sources */ = {isa = PBXBuildFile; fileRef = B07690061BC1E8B6008C8573 /* FTBaseProviderSpec.m */; };
		B0C3B4421BB9E9400077D43C /* FTServiceSpec.m in Sources */ = {isa = PBXBuildFile; fileRef = B0C3B4411BB9E9400077D43C /* FTServiceSpec.m */; };
		B0C3B4451BB9E9670077D43C /* FTService.m in Sources */ = {isa = PBXBuildFile; fileRef = B0C3B4441BB9E9670077D43C /* FTService.m */; };
		B0C3B44B1BB9EC500077D43C /* FTConferenceProvider.m in Sources */ = {isa = PBXBuildFile; fileRef = B0C3B44A1BB9EC500077D43C /* FTConferenceProvider.m */; };
		B0C3B44E1BB9EE9B0077D43C /* FTEventProvider.m in Sources */ = {isa = PBXBuildFile; fileRef = B0C3B44D1BB9EE9B0077D43C /* FTEventProvider.m */; };
		B0C3B4511BB9EF750077D43C /* FTVideoProvider.m in Sources */ = {isa = PBXBuildFile; fileRef = B0C3B4501BB9EF750077D43C /* FTVideoProvider.m */; };
		B0C3B4551BB9EF8A0077D43C /* FTPresenterProvider.m in Sources */ = {isa = PBXBuildFile; fileRef = B0C3B4541BB9EF8A0077D43C /* FTPresenterProvider.m */; };
		B0C3B4581BB9F0650077D43C /* FTServiceConfiguration.m in Sources */ = {isa = PBXBuildFile; fileRef = B0C3B4571BB9F0650077D43C /* FTServiceConfiguration.m */; };
		B0C3B45A1BB9F34B0077D43C /* FTServiceConfigurationSpec.m in Sources */ = {isa = PBXBuildFile; fileRef = B0C3B4591BB9F34B0077D43C /* FTServiceConfigurationSpec.m */; };
		B0C3B45D1BB9F8240077D43C /* FTConferenceProviderSpec.m in Sources */ = {isa = PBXBuildFile; fileRef = B0C3B45C1BB9F8240077D43C /* FTConferenceProviderSpec.m */; };
		B0C3B45F1BB9F8D00077D43C /* FTEventProviderSpec.m in Sources */ = {isa = PBXBuildFile; fileRef = B0C3B45E1BB9F8D00077D43C /* FTEventProviderSpec.m */; };
		B0C3B4611BB9F9670077D43C /* FTVideoProviderSpec.m in Sources */ = {isa = PBXBuildFile; fileRef = B0C3B4601BB9F9670077D43C /* FTVideoProviderSpec.m */; };
		B0C3B4631BB9F9750077D43C /* FTPresenterProviderSpec.m in Sources */ = {isa = PBXBuildFile; fileRef = B0C3B4621BB9F9750077D43C /* FTPresenterProviderSpec.m */; };
		D717131F1BD6C03800FF3D00 /* FTEvent.m in Sources */ = {isa = PBXBuildFile; fileRef = D717131E1BD6C03800FF3D00 /* FTEvent.m */; };
		D71713221BD6C3C700FF3D00 /* FTConference.m in Sources */ = {isa = PBXBuildFile; fileRef = D71713211BD6C3C700FF3D00 /* FTConference.m */; };
		D71713251BD7FD0E00FF3D00 /* FTConferenceSpec.m in Sources */ = {isa = PBXBuildFile; fileRef = D71713241BD7FD0E00FF3D00 /* FTConferenceSpec.m */; };
		D71713271BD80E2700FF3D00 /* FTEventSpec.m in Sources */ = {isa = PBXBuildFile; fileRef = D71713261BD80E2700FF3D00 /* FTEventSpec.m */; };
		D79BE1C71BD0251200085F27 /* FTResourceDownloader.m in Sources */ = {isa = PBXBuildFile; fileRef = D79BE1C61BD0251200085F27 /* FTResourceDownloader.m */; };
		D7A67FB71BDC071300573881 /* FTSlugFormatter.m in Sources */ = {isa = PBXBuildFile; fileRef = D7A67FB61BDC071300573881 /* FTSlugFormatter.m */; };
		D7A67FB91BDC13F000573881 /* FTSlugFormatterSpec.m in Sources */ = {isa = PBXBuildFile; fileRef = D7A67FB81BDC13F000573881 /* FTSlugFormatterSpec.m */; };
		D7A67FBB1BDD2CBC00573881 /* FTVideoSpec.m in Sources */ = {isa = PBXBuildFile; fileRef = D7A67FBA1BDD2CBC00573881 /* FTVideoSpec.m */; };
		D7E89B091BD963CE003D7FE1 /* FTPresenter.m in Sources */ = {isa = PBXBuildFile; fileRef = D7E89B081BD963CE003D7FE1 /* FTPresenter.m */; };
		D7E89B0B1BD9643C003D7FE1 /* FTPresenterSpec.m in Sources */ = {isa = PBXBuildFile; fileRef = D7E89B0A1BD9643C003D7FE1 /* FTPresenterSpec.m */; };
		D7E89B0E1BD96BB6003D7FE1 /* FTVideo.m in Sources */ = {isa = PBXBuildFile; fileRef = D7E89B0D1BD96BB6003D7FE1 /* FTVideo.m */; };
/* End PBXBuildFile section */

/* Begin PBXContainerItemProxy section */
		B012204C1BB70F900018D566 /* PBXContainerItemProxy */ = {
			isa = PBXContainerItemProxy;
			containerPortal = B012202A1BB70F900018D566 /* Project object */;
			proxyType = 1;
			remoteGlobalIDString = B01220311BB70F900018D566;
			remoteInfo = ConfreaksMTV;
		};
		B01220571BB70F900018D566 /* PBXContainerItemProxy */ = {
			isa = PBXContainerItemProxy;
			containerPortal = B012202A1BB70F900018D566 /* Project object */;
			proxyType = 1;
			remoteGlobalIDString = B01220311BB70F900018D566;
			remoteInfo = ConfreaksMTV;
		};
/* End PBXContainerItemProxy section */

/* Begin PBXFileReference section */
		1E32CF32E7F6394400320713 /* Pods-ConfreaksMTVTests.release.xcconfig */ = {isa = PBXFileReference; includeInIndex = 1; lastKnownFileType = text.xcconfig; name = "Pods-ConfreaksMTVTests.release.xcconfig"; path = "Pods/Target Support Files/Pods-ConfreaksMTVTests/Pods-ConfreaksMTVTests.release.xcconfig"; sourceTree = "<group>"; };
		2080276845C3AEE5C1870A13 /* libPods-ConfreaksMTVTests.a */ = {isa = PBXFileReference; explicitFileType = archive.ar; includeInIndex = 0; path = "libPods-ConfreaksMTVTests.a"; sourceTree = BUILT_PRODUCTS_DIR; };
		552E94B2526CFC55E1BD09A0 /* libPods-ConfreaksMTV.a */ = {isa = PBXFileReference; explicitFileType = archive.ar; includeInIndex = 0; path = "libPods-ConfreaksMTV.a"; sourceTree = BUILT_PRODUCTS_DIR; };
		B01220321BB70F900018D566 /* ConfreaksMTV.app */ = {isa = PBXFileReference; explicitFileType = wrapper.application; includeInIndex = 0; path = ConfreaksMTV.app; sourceTree = BUILT_PRODUCTS_DIR; };
		B01220361BB70F900018D566 /* main.m */ = {isa = PBXFileReference; lastKnownFileType = sourcecode.c.objc; path = main.m; sourceTree = "<group>"; };
		B01220381BB70F900018D566 /* AppDelegate.h */ = {isa = PBXFileReference; lastKnownFileType = sourcecode.c.h; path = AppDelegate.h; sourceTree = "<group>"; };
		B01220391BB70F900018D566 /* AppDelegate.m */ = {isa = PBXFileReference; lastKnownFileType = sourcecode.c.objc; path = AppDelegate.m; sourceTree = "<group>"; };
		B012203F1BB70F900018D566 /* Base */ = {isa = PBXFileReference; lastKnownFileType = file.storyboard; name = Base; path = Base.lproj/Main.storyboard; sourceTree = "<group>"; };
		B01220411BB70F900018D566 /* Assets.xcassets */ = {isa = PBXFileReference; lastKnownFileType = folder.assetcatalog; path = Assets.xcassets; sourceTree = "<group>"; };
		B01220441BB70F900018D566 /* Base */ = {isa = PBXFileReference; lastKnownFileType = file.storyboard; name = Base; path = Base.lproj/LaunchScreen.storyboard; sourceTree = "<group>"; };
		B01220461BB70F900018D566 /* Info.plist */ = {isa = PBXFileReference; lastKnownFileType = text.plist.xml; path = Info.plist; sourceTree = "<group>"; };
		B012204B1BB70F900018D566 /* ConfreaksMTVTests.xctest */ = {isa = PBXFileReference; explicitFileType = wrapper.cfbundle; includeInIndex = 0; path = ConfreaksMTVTests.xctest; sourceTree = BUILT_PRODUCTS_DIR; };
		B01220511BB70F900018D566 /* Info.plist */ = {isa = PBXFileReference; lastKnownFileType = text.plist.xml; path = Info.plist; sourceTree = "<group>"; };
		B01220561BB70F900018D566 /* ConfreaksMTVUITests.xctest */ = {isa = PBXFileReference; explicitFileType = wrapper.cfbundle; includeInIndex = 0; path = ConfreaksMTVUITests.xctest; sourceTree = BUILT_PRODUCTS_DIR; };
		B012205A1BB70F900018D566 /* ConfreaksMTVUITests.m */ = {isa = PBXFileReference; lastKnownFileType = sourcecode.c.objc; path = ConfreaksMTVUITests.m; sourceTree = "<group>"; };
		B012205C1BB70F900018D566 /* Info.plist */ = {isa = PBXFileReference; lastKnownFileType = text.plist.xml; path = Info.plist; sourceTree = "<group>"; };
		B0535BA41BD0748800B583E7 /* Fixtures.bundle */ = {isa = PBXFileReference; lastKnownFileType = "wrapper.plug-in"; path = Fixtures.bundle; sourceTree = "<group>"; };
		B06646B61BD319AC00D2041A /* FTResourceDownloaderSpec.m */ = {isa = PBXFileReference; fileEncoding = 4; lastKnownFileType = sourcecode.c.objc; path = FTResourceDownloaderSpec.m; sourceTree = "<group>"; };
		B07690031BC1E899008C8573 /* FTBaseProvider.h */ = {isa = PBXFileReference; fileEncoding = 4; lastKnownFileType = sourcecode.c.h; path = FTBaseProvider.h; sourceTree = "<group>"; };
		B07690041BC1E899008C8573 /* FTBaseProvider.m */ = {isa = PBXFileReference; fileEncoding = 4; lastKnownFileType = sourcecode.c.objc; path = FTBaseProvider.m; sourceTree = "<group>"; };
		B07690061BC1E8B6008C8573 /* FTBaseProviderSpec.m */ = {isa = PBXFileReference; fileEncoding = 4; lastKnownFileType = sourcecode.c.objc; path = FTBaseProviderSpec.m; sourceTree = "<group>"; };
		B07C21CD1BB74E78004D7095 /* SpecHelper.h */ = {isa = PBXFileReference; fileEncoding = 4; lastKnownFileType = sourcecode.c.h; path = SpecHelper.h; sourceTree = "<group>"; };
		B0C3B4411BB9E9400077D43C /* FTServiceSpec.m */ = {isa = PBXFileReference; fileEncoding = 4; lastKnownFileType = sourcecode.c.objc; path = FTServiceSpec.m; sourceTree = "<group>"; };
		B0C3B4431BB9E9670077D43C /* FTService.h */ = {isa = PBXFileReference; fileEncoding = 4; lastKnownFileType = sourcecode.c.h; path = FTService.h; sourceTree = "<group>"; };
		B0C3B4441BB9E9670077D43C /* FTService.m */ = {isa = PBXFileReference; fileEncoding = 4; lastKnownFileType = sourcecode.c.objc; path = FTService.m; sourceTree = "<group>"; };
		B0C3B4471BB9EBA10077D43C /* FTDataProvider.h */ = {isa = PBXFileReference; fileEncoding = 4; lastKnownFileType = sourcecode.c.h; path = FTDataProvider.h; sourceTree = "<group>"; };
		B0C3B4491BB9EC500077D43C /* FTConferenceProvider.h */ = {isa = PBXFileReference; fileEncoding = 4; lastKnownFileType = sourcecode.c.h; path = FTConferenceProvider.h; sourceTree = "<group>"; };
		B0C3B44A1BB9EC500077D43C /* FTConferenceProvider.m */ = {isa = PBXFileReference; fileEncoding = 4; lastKnownFileType = sourcecode.c.objc; path = FTConferenceProvider.m; sourceTree = "<group>"; };
		B0C3B44C1BB9EE9B0077D43C /* FTEventProvider.h */ = {isa = PBXFileReference; fileEncoding = 4; lastKnownFileType = sourcecode.c.h; path = FTEventProvider.h; sourceTree = "<group>"; };
		B0C3B44D1BB9EE9B0077D43C /* FTEventProvider.m */ = {isa = PBXFileReference; fileEncoding = 4; lastKnownFileType = sourcecode.c.objc; path = FTEventProvider.m; sourceTree = "<group>"; };
		B0C3B44F1BB9EF750077D43C /* FTVideoProvider.h */ = {isa = PBXFileReference; fileEncoding = 4; lastKnownFileType = sourcecode.c.h; path = FTVideoProvider.h; sourceTree = "<group>"; };
		B0C3B4501BB9EF750077D43C /* FTVideoProvider.m */ = {isa = PBXFileReference; fileEncoding = 4; lastKnownFileType = sourcecode.c.objc; path = FTVideoProvider.m; sourceTree = "<group>"; };
		B0C3B4531BB9EF8A0077D43C /* FTPresenterProvider.h */ = {isa = PBXFileReference; fileEncoding = 4; lastKnownFileType = sourcecode.c.h; path = FTPresenterProvider.h; sourceTree = "<group>"; };
		B0C3B4541BB9EF8A0077D43C /* FTPresenterProvider.m */ = {isa = PBXFileReference; fileEncoding = 4; lastKnownFileType = sourcecode.c.objc; path = FTPresenterProvider.m; sourceTree = "<group>"; };
		B0C3B4561BB9F0650077D43C /* FTServiceConfiguration.h */ = {isa = PBXFileReference; fileEncoding = 4; lastKnownFileType = sourcecode.c.h; path = FTServiceConfiguration.h; sourceTree = "<group>"; };
		B0C3B4571BB9F0650077D43C /* FTServiceConfiguration.m */ = {isa = PBXFileReference; fileEncoding = 4; lastKnownFileType = sourcecode.c.objc; path = FTServiceConfiguration.m; sourceTree = "<group>"; };
		B0C3B4591BB9F34B0077D43C /* FTServiceConfigurationSpec.m */ = {isa = PBXFileReference; fileEncoding = 4; lastKnownFileType = sourcecode.c.objc; path = FTServiceConfigurationSpec.m; sourceTree = "<group>"; };
		B0C3B45C1BB9F8240077D43C /* FTConferenceProviderSpec.m */ = {isa = PBXFileReference; fileEncoding = 4; lastKnownFileType = sourcecode.c.objc; path = FTConferenceProviderSpec.m; sourceTree = "<group>"; };
		B0C3B45E1BB9F8D00077D43C /* FTEventProviderSpec.m */ = {isa = PBXFileReference; fileEncoding = 4; lastKnownFileType = sourcecode.c.objc; path = FTEventProviderSpec.m; sourceTree = "<group>"; };
		B0C3B4601BB9F9670077D43C /* FTVideoProviderSpec.m */ = {isa = PBXFileReference; fileEncoding = 4; lastKnownFileType = sourcecode.c.objc; path = FTVideoProviderSpec.m; sourceTree = "<group>"; };
		B0C3B4621BB9F9750077D43C /* FTPresenterProviderSpec.m */ = {isa = PBXFileReference; fileEncoding = 4; lastKnownFileType = sourcecode.c.objc; path = FTPresenterProviderSpec.m; sourceTree = "<group>"; };
		BC951236FEC73AEF05EBED65 /* Pods-ConfreaksMTV.release.xcconfig */ = {isa = PBXFileReference; includeInIndex = 1; lastKnownFileType = text.xcconfig; name = "Pods-ConfreaksMTV.release.xcconfig"; path = "Pods/Target Support Files/Pods-ConfreaksMTV/Pods-ConfreaksMTV.release.xcconfig"; sourceTree = "<group>"; };
		D717131D1BD6C03800FF3D00 /* FTEvent.h */ = {isa = PBXFileReference; fileEncoding = 4; lastKnownFileType = sourcecode.c.h; path = FTEvent.h; sourceTree = "<group>"; };
		D717131E1BD6C03800FF3D00 /* FTEvent.m */ = {isa = PBXFileReference; fileEncoding = 4; lastKnownFileType = sourcecode.c.objc; path = FTEvent.m; sourceTree = "<group>"; };
		D71713201BD6C3C700FF3D00 /* FTConference.h */ = {isa = PBXFileReference; fileEncoding = 4; lastKnownFileType = sourcecode.c.h; path = FTConference.h; sourceTree = "<group>"; };
		D71713211BD6C3C700FF3D00 /* FTConference.m */ = {isa = PBXFileReference; fileEncoding = 4; lastKnownFileType = sourcecode.c.objc; path = FTConference.m; sourceTree = "<group>"; };
		D71713241BD7FD0E00FF3D00 /* FTConferenceSpec.m */ = {isa = PBXFileReference; fileEncoding = 4; lastKnownFileType = sourcecode.c.objc; path = FTConferenceSpec.m; sourceTree = "<group>"; };
		D71713261BD80E2700FF3D00 /* FTEventSpec.m */ = {isa = PBXFileReference; fileEncoding = 4; lastKnownFileType = sourcecode.c.objc; path = FTEventSpec.m; sourceTree = "<group>"; };
		D79BE1C51BD0251200085F27 /* FTResourceDownloader.h */ = {isa = PBXFileReference; fileEncoding = 4; lastKnownFileType = sourcecode.c.h; path = FTResourceDownloader.h; sourceTree = "<group>"; };
		D79BE1C61BD0251200085F27 /* FTResourceDownloader.m */ = {isa = PBXFileReference; fileEncoding = 4; lastKnownFileType = sourcecode.c.objc; path = FTResourceDownloader.m; sourceTree = "<group>"; };
		D7A67FB51BDC071300573881 /* FTSlugFormatter.h */ = {isa = PBXFileReference; fileEncoding = 4; lastKnownFileType = sourcecode.c.h; path = FTSlugFormatter.h; sourceTree = "<group>"; };
		D7A67FB61BDC071300573881 /* FTSlugFormatter.m */ = {isa = PBXFileReference; fileEncoding = 4; lastKnownFileType = sourcecode.c.objc; path = FTSlugFormatter.m; sourceTree = "<group>"; };
		D7A67FB81BDC13F000573881 /* FTSlugFormatterSpec.m */ = {isa = PBXFileReference; fileEncoding = 4; lastKnownFileType = sourcecode.c.objc; path = FTSlugFormatterSpec.m; sourceTree = "<group>"; };
		D7A67FBA1BDD2CBC00573881 /* FTVideoSpec.m */ = {isa = PBXFileReference; fileEncoding = 4; lastKnownFileType = sourcecode.c.objc; path = FTVideoSpec.m; sourceTree = "<group>"; };
		D7E89B071BD963CE003D7FE1 /* FTPresenter.h */ = {isa = PBXFileReference; fileEncoding = 4; lastKnownFileType = sourcecode.c.h; path = FTPresenter.h; sourceTree = "<group>"; };
		D7E89B081BD963CE003D7FE1 /* FTPresenter.m */ = {isa = PBXFileReference; fileEncoding = 4; lastKnownFileType = sourcecode.c.objc; path = FTPresenter.m; sourceTree = "<group>"; };
		D7E89B0A1BD9643C003D7FE1 /* FTPresenterSpec.m */ = {isa = PBXFileReference; fileEncoding = 4; lastKnownFileType = sourcecode.c.objc; path = FTPresenterSpec.m; sourceTree = "<group>"; };
		D7E89B0C1BD96BB6003D7FE1 /* FTVideo.h */ = {isa = PBXFileReference; fileEncoding = 4; lastKnownFileType = sourcecode.c.h; path = FTVideo.h; sourceTree = "<group>"; };
		D7E89B0D1BD96BB6003D7FE1 /* FTVideo.m */ = {isa = PBXFileReference; fileEncoding = 4; lastKnownFileType = sourcecode.c.objc; path = FTVideo.m; sourceTree = "<group>"; };
		DA0416859718DF45CE4C38A8 /* Pods-ConfreaksMTVTests.debug.xcconfig */ = {isa = PBXFileReference; includeInIndex = 1; lastKnownFileType = text.xcconfig; name = "Pods-ConfreaksMTVTests.debug.xcconfig"; path = "Pods/Target Support Files/Pods-ConfreaksMTVTests/Pods-ConfreaksMTVTests.debug.xcconfig"; sourceTree = "<group>"; };
		E73CB5900D7A87D29B6FD5D9 /* Pods-ConfreaksMTV.debug.xcconfig */ = {isa = PBXFileReference; includeInIndex = 1; lastKnownFileType = text.xcconfig; name = "Pods-ConfreaksMTV.debug.xcconfig"; path = "Pods/Target Support Files/Pods-ConfreaksMTV/Pods-ConfreaksMTV.debug.xcconfig"; sourceTree = "<group>"; };
/* End PBXFileReference section */

/* Begin PBXFrameworksBuildPhase section */
		B012202F1BB70F900018D566 /* Frameworks */ = {
			isa = PBXFrameworksBuildPhase;
			buildActionMask = 2147483647;
			files = (
				92E39D575ED4D5AFAA78C57A /* libPods-ConfreaksMTV.a in Frameworks */,
			);
			runOnlyForDeploymentPostprocessing = 0;
		};
		B01220481BB70F900018D566 /* Frameworks */ = {
			isa = PBXFrameworksBuildPhase;
			buildActionMask = 2147483647;
			files = (
				69E9F89899023D38F5BE360B /* libPods-ConfreaksMTVTests.a in Frameworks */,
			);
			runOnlyForDeploymentPostprocessing = 0;
		};
		B01220531BB70F900018D566 /* Frameworks */ = {
			isa = PBXFrameworksBuildPhase;
			buildActionMask = 2147483647;
			files = (
			);
			runOnlyForDeploymentPostprocessing = 0;
		};
/* End PBXFrameworksBuildPhase section */

/* Begin PBXGroup section */
		219FC876F654EEB330D2DC0E /* Pods */ = {
			isa = PBXGroup;
			children = (
				DA0416859718DF45CE4C38A8 /* Pods-ConfreaksMTVTests.debug.xcconfig */,
				1E32CF32E7F6394400320713 /* Pods-ConfreaksMTVTests.release.xcconfig */,
				E73CB5900D7A87D29B6FD5D9 /* Pods-ConfreaksMTV.debug.xcconfig */,
				BC951236FEC73AEF05EBED65 /* Pods-ConfreaksMTV.release.xcconfig */,
			);
			name = Pods;
			sourceTree = "<group>";
		};
		965DC2185F03CD808B0FD3A6 /* Frameworks */ = {
			isa = PBXGroup;
			children = (
				2080276845C3AEE5C1870A13 /* libPods-ConfreaksMTVTests.a */,
				552E94B2526CFC55E1BD09A0 /* libPods-ConfreaksMTV.a */,
			);
			name = Frameworks;
			sourceTree = "<group>";
		};
		B01220291BB70F900018D566 = {
			isa = PBXGroup;
			children = (
				B01220341BB70F900018D566 /* ConfreaksMTV */,
				B012204E1BB70F900018D566 /* ConfreaksMTVTests */,
				B01220591BB70F900018D566 /* ConfreaksMTVUITests */,
				B01220331BB70F900018D566 /* Products */,
				219FC876F654EEB330D2DC0E /* Pods */,
				965DC2185F03CD808B0FD3A6 /* Frameworks */,
			);
			sourceTree = "<group>";
		};
		B01220331BB70F900018D566 /* Products */ = {
			isa = PBXGroup;
			children = (
				B01220321BB70F900018D566 /* ConfreaksMTV.app */,
				B012204B1BB70F900018D566 /* ConfreaksMTVTests.xctest */,
				B01220561BB70F900018D566 /* ConfreaksMTVUITests.xctest */,
			);
			name = Products;
			sourceTree = "<group>";
		};
		B01220341BB70F900018D566 /* ConfreaksMTV */ = {
			isa = PBXGroup;
			children = (
				B0C3B43F1BB9E8BD0077D43C /* FTService */,
				B01220381BB70F900018D566 /* AppDelegate.h */,
				B01220391BB70F900018D566 /* AppDelegate.m */,
				B012203E1BB70F900018D566 /* Main.storyboard */,
				B01220411BB70F900018D566 /* Assets.xcassets */,
				B01220431BB70F900018D566 /* LaunchScreen.storyboard */,
				B01220461BB70F900018D566 /* Info.plist */,
				B01220351BB70F900018D566 /* Supporting Files */,
			);
			path = ConfreaksMTV;
			sourceTree = "<group>";
		};
		B01220351BB70F900018D566 /* Supporting Files */ = {
			isa = PBXGroup;
			children = (
				B01220361BB70F900018D566 /* main.m */,
			);
			name = "Supporting Files";
			sourceTree = "<group>";
		};
		B012204E1BB70F900018D566 /* ConfreaksMTVTests */ = {
			isa = PBXGroup;
			children = (
				B0C3B4401BB9E9060077D43C /* FTService */,
				B01220511BB70F900018D566 /* Info.plist */,
				B07C21CD1BB74E78004D7095 /* SpecHelper.h */,
				B0535BA41BD0748800B583E7 /* Fixtures.bundle */,
			);
			path = ConfreaksMTVTests;
			sourceTree = "<group>";
		};
		B01220591BB70F900018D566 /* ConfreaksMTVUITests */ = {
			isa = PBXGroup;
			children = (
				B012205A1BB70F900018D566 /* ConfreaksMTVUITests.m */,
				B012205C1BB70F900018D566 /* Info.plist */,
			);
			path = ConfreaksMTVUITests;
			sourceTree = "<group>";
		};
		B06646B51BD3198B00D2041A /* ResourceDownloader */ = {
			isa = PBXGroup;
			children = (
				B06646B61BD319AC00D2041A /* FTResourceDownloaderSpec.m */,
			);
			name = ResourceDownloader;
			sourceTree = "<group>";
		};
		B0C3B43F1BB9E8BD0077D43C /* FTService */ = {
			isa = PBXGroup;
			children = (
				D717131C1BD6BC9D00FF3D00 /* Models */,
				D79BE1C41BD024ED00085F27 /* ResourceDownloader */,
				B0C3B4481BB9EC3C0077D43C /* Providers */,
				B0C3B4461BB9EA3F0077D43C /* Protocols */,
				B0C3B4431BB9E9670077D43C /* FTService.h */,
				B0C3B4441BB9E9670077D43C /* FTService.m */,
				B0C3B4561BB9F0650077D43C /* FTServiceConfiguration.h */,
				B0C3B4571BB9F0650077D43C /* FTServiceConfiguration.m */,
			);
			name = FTService;
			sourceTree = "<group>";
		};
		B0C3B4401BB9E9060077D43C /* FTService */ = {
			isa = PBXGroup;
			children = (
				D71713231BD7FC8E00FF3D00 /* Models */,
				B06646B51BD3198B00D2041A /* ResourceDownloader */,
				B0C3B45B1BB9F8130077D43C /* Providers */,
				B0C3B4411BB9E9400077D43C /* FTServiceSpec.m */,
				B0C3B4591BB9F34B0077D43C /* FTServiceConfigurationSpec.m */,
			);
			name = FTService;
			sourceTree = "<group>";
		};
		B0C3B4461BB9EA3F0077D43C /* Protocols */ = {
			isa = PBXGroup;
			children = (
				B0C3B4471BB9EBA10077D43C /* FTDataProvider.h */,
			);
			name = Protocols;
			sourceTree = "<group>";
		};
		B0C3B4481BB9EC3C0077D43C /* Providers */ = {
			isa = PBXGroup;
			children = (
				B0C3B4491BB9EC500077D43C /* FTConferenceProvider.h */,
				B0C3B44A1BB9EC500077D43C /* FTConferenceProvider.m */,
				B0C3B44C1BB9EE9B0077D43C /* FTEventProvider.h */,
				B0C3B44D1BB9EE9B0077D43C /* FTEventProvider.m */,
				B0C3B44F1BB9EF750077D43C /* FTVideoProvider.h */,
				B0C3B4501BB9EF750077D43C /* FTVideoProvider.m */,
				B0C3B4531BB9EF8A0077D43C /* FTPresenterProvider.h */,
				B0C3B4541BB9EF8A0077D43C /* FTPresenterProvider.m */,
				B07690031BC1E899008C8573 /* FTBaseProvider.h */,
				B07690041BC1E899008C8573 /* FTBaseProvider.m */,
			);
			name = Providers;
			sourceTree = "<group>";
		};
		B0C3B45B1BB9F8130077D43C /* Providers */ = {
			isa = PBXGroup;
			children = (
				B0C3B45C1BB9F8240077D43C /* FTConferenceProviderSpec.m */,
				B0C3B45E1BB9F8D00077D43C /* FTEventProviderSpec.m */,
				B0C3B4601BB9F9670077D43C /* FTVideoProviderSpec.m */,
				B0C3B4621BB9F9750077D43C /* FTPresenterProviderSpec.m */,
				B07690061BC1E8B6008C8573 /* FTBaseProviderSpec.m */,
			);
			name = Providers;
			sourceTree = "<group>";
		};
		D717131C1BD6BC9D00FF3D00 /* Models */ = {
			isa = PBXGroup;
			children = (
				D717131D1BD6C03800FF3D00 /* FTEvent.h */,
				D717131E1BD6C03800FF3D00 /* FTEvent.m */,
				D71713201BD6C3C700FF3D00 /* FTConference.h */,
				D71713211BD6C3C700FF3D00 /* FTConference.m */,
				D7E89B071BD963CE003D7FE1 /* FTPresenter.h */,
				D7E89B081BD963CE003D7FE1 /* FTPresenter.m */,
				D7E89B0C1BD96BB6003D7FE1 /* FTVideo.h */,
				D7E89B0D1BD96BB6003D7FE1 /* FTVideo.m */,
				D7A67FB51BDC071300573881 /* FTSlugFormatter.h */,
				D7A67FB61BDC071300573881 /* FTSlugFormatter.m */,
			);
			name = Models;
			sourceTree = "<group>";
		};
		D71713231BD7FC8E00FF3D00 /* Models */ = {
			isa = PBXGroup;
			children = (
				D71713241BD7FD0E00FF3D00 /* FTConferenceSpec.m */,
				D71713261BD80E2700FF3D00 /* FTEventSpec.m */,
				D7E89B0A1BD9643C003D7FE1 /* FTPresenterSpec.m */,
				D7A67FB81BDC13F000573881 /* FTSlugFormatterSpec.m */,
				D7A67FBA1BDD2CBC00573881 /* FTVideoSpec.m */,
			);
			name = Models;
			sourceTree = "<group>";
		};
		D79BE1C41BD024ED00085F27 /* ResourceDownloader */ = {
			isa = PBXGroup;
			children = (
				D79BE1C51BD0251200085F27 /* FTResourceDownloader.h */,
				D79BE1C61BD0251200085F27 /* FTResourceDownloader.m */,
			);
			name = ResourceDownloader;
			sourceTree = "<group>";
		};
/* End PBXGroup section */

/* Begin PBXNativeTarget section */
		B01220311BB70F900018D566 /* ConfreaksMTV */ = {
			isa = PBXNativeTarget;
			buildConfigurationList = B012205F1BB70F900018D566 /* Build configuration list for PBXNativeTarget "ConfreaksMTV" */;
			buildPhases = (
				161A54F61083807FA9D5FD06 /* Check Pods Manifest.lock */,
				B012202E1BB70F900018D566 /* Sources */,
				B012202F1BB70F900018D566 /* Frameworks */,
				B01220301BB70F900018D566 /* Resources */,
				FA13641E03126184E485697B /* Copy Pods Resources */,
			);
			buildRules = (
			);
			dependencies = (
			);
			name = ConfreaksMTV;
			productName = ConfreaksMTV;
			productReference = B01220321BB70F900018D566 /* ConfreaksMTV.app */;
			productType = "com.apple.product-type.application";
		};
		B012204A1BB70F900018D566 /* ConfreaksMTVTests */ = {
			isa = PBXNativeTarget;
			buildConfigurationList = B01220621BB70F900018D566 /* Build configuration list for PBXNativeTarget "ConfreaksMTVTests" */;
			buildPhases = (
				215A8D8F2DA937B19A6D0A27 /* Check Pods Manifest.lock */,
				B01220471BB70F900018D566 /* Sources */,
				B01220481BB70F900018D566 /* Frameworks */,
				B01220491BB70F900018D566 /* Resources */,
				79FCC678FD463A4B51231B16 /* Copy Pods Resources */,
			);
			buildRules = (
			);
			dependencies = (
				B012204D1BB70F900018D566 /* PBXTargetDependency */,
			);
			name = ConfreaksMTVTests;
			productName = ConfreaksMTVTests;
			productReference = B012204B1BB70F900018D566 /* ConfreaksMTVTests.xctest */;
			productType = "com.apple.product-type.bundle.unit-test";
		};
		B01220551BB70F900018D566 /* ConfreaksMTVUITests */ = {
			isa = PBXNativeTarget;
			buildConfigurationList = B01220651BB70F900018D566 /* Build configuration list for PBXNativeTarget "ConfreaksMTVUITests" */;
			buildPhases = (
				B01220521BB70F900018D566 /* Sources */,
				B01220531BB70F900018D566 /* Frameworks */,
				B01220541BB70F900018D566 /* Resources */,
			);
			buildRules = (
			);
			dependencies = (
				B01220581BB70F900018D566 /* PBXTargetDependency */,
			);
			name = ConfreaksMTVUITests;
			productName = ConfreaksMTVUITests;
			productReference = B01220561BB70F900018D566 /* ConfreaksMTVUITests.xctest */;
			productType = "com.apple.product-type.bundle.ui-testing";
		};
/* End PBXNativeTarget section */

/* Begin PBXProject section */
		B012202A1BB70F900018D566 /* Project object */ = {
			isa = PBXProject;
			attributes = {
				LastUpgradeCheck = 0700;
				ORGANIZATIONNAME = "Anton Kostenich";
				TargetAttributes = {
					B01220311BB70F900018D566 = {
						CreatedOnToolsVersion = 7.0;
					};
					B012204A1BB70F900018D566 = {
						CreatedOnToolsVersion = 7.0;
						TestTargetID = B01220311BB70F900018D566;
					};
					B01220551BB70F900018D566 = {
						CreatedOnToolsVersion = 7.0;
						TestTargetID = B01220311BB70F900018D566;
					};
				};
			};
			buildConfigurationList = B012202D1BB70F900018D566 /* Build configuration list for PBXProject "ConfreaksMTV" */;
			compatibilityVersion = "Xcode 3.2";
			developmentRegion = English;
			hasScannedForEncodings = 0;
			knownRegions = (
				en,
				Base,
			);
			mainGroup = B01220291BB70F900018D566;
			productRefGroup = B01220331BB70F900018D566 /* Products */;
			projectDirPath = "";
			projectRoot = "";
			targets = (
				B01220311BB70F900018D566 /* ConfreaksMTV */,
				B012204A1BB70F900018D566 /* ConfreaksMTVTests */,
				B01220551BB70F900018D566 /* ConfreaksMTVUITests */,
			);
		};
/* End PBXProject section */

/* Begin PBXResourcesBuildPhase section */
		B01220301BB70F900018D566 /* Resources */ = {
			isa = PBXResourcesBuildPhase;
			buildActionMask = 2147483647;
			files = (
				B01220451BB70F900018D566 /* LaunchScreen.storyboard in Resources */,
				B01220421BB70F900018D566 /* Assets.xcassets in Resources */,
				B01220401BB70F900018D566 /* Main.storyboard in Resources */,
			);
			runOnlyForDeploymentPostprocessing = 0;
		};
		B01220491BB70F900018D566 /* Resources */ = {
			isa = PBXResourcesBuildPhase;
			buildActionMask = 2147483647;
			files = (
				B0535BA51BD0748800B583E7 /* Fixtures.bundle in Resources */,
			);
			runOnlyForDeploymentPostprocessing = 0;
		};
		B01220541BB70F900018D566 /* Resources */ = {
			isa = PBXResourcesBuildPhase;
			buildActionMask = 2147483647;
			files = (
			);
			runOnlyForDeploymentPostprocessing = 0;
		};
/* End PBXResourcesBuildPhase section */

/* Begin PBXShellScriptBuildPhase section */
		161A54F61083807FA9D5FD06 /* Check Pods Manifest.lock */ = {
			isa = PBXShellScriptBuildPhase;
			buildActionMask = 2147483647;
			files = (
			);
			inputPaths = (
			);
			name = "Check Pods Manifest.lock";
			outputPaths = (
			);
			runOnlyForDeploymentPostprocessing = 0;
			shellPath = /bin/sh;
			shellScript = "diff \"${PODS_ROOT}/../Podfile.lock\" \"${PODS_ROOT}/Manifest.lock\" > /dev/null\nif [[ $? != 0 ]] ; then\n    cat << EOM\nerror: The sandbox is not in sync with the Podfile.lock. Run 'pod install' or update your CocoaPods installation.\nEOM\n    exit 1\nfi\n";
			showEnvVarsInLog = 0;
		};
		215A8D8F2DA937B19A6D0A27 /* Check Pods Manifest.lock */ = {
			isa = PBXShellScriptBuildPhase;
			buildActionMask = 2147483647;
			files = (
			);
			inputPaths = (
			);
			name = "Check Pods Manifest.lock";
			outputPaths = (
			);
			runOnlyForDeploymentPostprocessing = 0;
			shellPath = /bin/sh;
			shellScript = "diff \"${PODS_ROOT}/../Podfile.lock\" \"${PODS_ROOT}/Manifest.lock\" > /dev/null\nif [[ $? != 0 ]] ; then\n    cat << EOM\nerror: The sandbox is not in sync with the Podfile.lock. Run 'pod install' or update your CocoaPods installation.\nEOM\n    exit 1\nfi\n";
			showEnvVarsInLog = 0;
		};
		79FCC678FD463A4B51231B16 /* Copy Pods Resources */ = {
			isa = PBXShellScriptBuildPhase;
			buildActionMask = 2147483647;
			files = (
			);
			inputPaths = (
			);
			name = "Copy Pods Resources";
			outputPaths = (
			);
			runOnlyForDeploymentPostprocessing = 0;
			shellPath = /bin/sh;
			shellScript = "\"${SRCROOT}/Pods/Target Support Files/Pods-ConfreaksMTVTests/Pods-ConfreaksMTVTests-resources.sh\"\n";
			showEnvVarsInLog = 0;
		};
		FA13641E03126184E485697B /* Copy Pods Resources */ = {
			isa = PBXShellScriptBuildPhase;
			buildActionMask = 2147483647;
			files = (
			);
			inputPaths = (
			);
			name = "Copy Pods Resources";
			outputPaths = (
			);
			runOnlyForDeploymentPostprocessing = 0;
			shellPath = /bin/sh;
			shellScript = "\"${SRCROOT}/Pods/Target Support Files/Pods-ConfreaksMTV/Pods-ConfreaksMTV-resources.sh\"\n";
			showEnvVarsInLog = 0;
		};
/* End PBXShellScriptBuildPhase section */

/* Begin PBXSourcesBuildPhase section */
		B012202E1BB70F900018D566 /* Sources */ = {
			isa = PBXSourcesBuildPhase;
			buildActionMask = 2147483647;
			files = (
				B0C3B4451BB9E9670077D43C /* FTService.m in Sources */,
				B012203A1BB70F900018D566 /* AppDelegate.m in Sources */,
				D79BE1C71BD0251200085F27 /* FTResourceDownloader.m in Sources */,
				B0C3B4511BB9EF750077D43C /* FTVideoProvider.m in Sources */,
				B0C3B44E1BB9EE9B0077D43C /* FTEventProvider.m in Sources */,
				B0C3B44B1BB9EC500077D43C /* FTConferenceProvider.m in Sources */,
				D7A67FB71BDC071300573881 /* FTSlugFormatter.m in Sources */,
				B0C3B4551BB9EF8A0077D43C /* FTPresenterProvider.m in Sources */,
				D71713221BD6C3C700FF3D00 /* FTConference.m in Sources */,
				D717131F1BD6C03800FF3D00 /* FTEvent.m in Sources */,
				B07690051BC1E899008C8573 /* FTBaseProvider.m in Sources */,
				B0C3B4581BB9F0650077D43C /* FTServiceConfiguration.m in Sources */,
				D7E89B0E1BD96BB6003D7FE1 /* FTVideo.m in Sources */,
				B01220371BB70F900018D566 /* main.m in Sources */,
				D7E89B091BD963CE003D7FE1 /* FTPresenter.m in Sources */,
			);
			runOnlyForDeploymentPostprocessing = 0;
		};
		B01220471BB70F900018D566 /* Sources */ = {
			isa = PBXSourcesBuildPhase;
			buildActionMask = 2147483647;
			files = (
				D7A67FB91BDC13F000573881 /* FTSlugFormatterSpec.m in Sources */,
				D7A67FBB1BDD2CBC00573881 /* FTVideoSpec.m in Sources */,
				B0C3B4631BB9F9750077D43C /* FTPresenterProviderSpec.m in Sources */,
				B06646B71BD319AC00D2041A /* FTResourceDownloaderSpec.m in Sources */,
				B0C3B45D1BB9F8240077D43C /* FTConferenceProviderSpec.m in Sources */,
				D71713271BD80E2700FF3D00 /* FTEventSpec.m in Sources */,
				B0C3B4611BB9F9670077D43C /* FTVideoProviderSpec.m in Sources */,
				B0C3B4421BB9E9400077D43C /* FTServiceSpec.m in Sources */,
				B0C3B45F1BB9F8D00077D43C /* FTEventProviderSpec.m in Sources */,
				D7E89B0B1BD9643C003D7FE1 /* FTPresenterSpec.m in Sources */,
				D71713251BD7FD0E00FF3D00 /* FTConferenceSpec.m in Sources */,
				B07690071BC1E8B6008C8573 /* FTBaseProviderSpec.m in Sources */,
				B0C3B45A1BB9F34B0077D43C /* FTServiceConfigurationSpec.m in Sources */,
			);
			runOnlyForDeploymentPostprocessing = 0;
		};
		B01220521BB70F900018D566 /* Sources */ = {
			isa = PBXSourcesBuildPhase;
			buildActionMask = 2147483647;
			files = (
				B012205B1BB70F900018D566 /* ConfreaksMTVUITests.m in Sources */,
			);
			runOnlyForDeploymentPostprocessing = 0;
		};
/* End PBXSourcesBuildPhase section */

/* Begin PBXTargetDependency section */
		B012204D1BB70F900018D566 /* PBXTargetDependency */ = {
			isa = PBXTargetDependency;
			target = B01220311BB70F900018D566 /* ConfreaksMTV */;
			targetProxy = B012204C1BB70F900018D566 /* PBXContainerItemProxy */;
		};
		B01220581BB70F900018D566 /* PBXTargetDependency */ = {
			isa = PBXTargetDependency;
			target = B01220311BB70F900018D566 /* ConfreaksMTV */;
			targetProxy = B01220571BB70F900018D566 /* PBXContainerItemProxy */;
		};
/* End PBXTargetDependency section */

/* Begin PBXVariantGroup section */
		B012203E1BB70F900018D566 /* Main.storyboard */ = {
			isa = PBXVariantGroup;
			children = (
				B012203F1BB70F900018D566 /* Base */,
			);
			name = Main.storyboard;
			sourceTree = "<group>";
		};
		B01220431BB70F900018D566 /* LaunchScreen.storyboard */ = {
			isa = PBXVariantGroup;
			children = (
				B01220441BB70F900018D566 /* Base */,
			);
			name = LaunchScreen.storyboard;
			sourceTree = "<group>";
		};
/* End PBXVariantGroup section */

/* Begin XCBuildConfiguration section */
		B012205D1BB70F900018D566 /* Debug */ = {
			isa = XCBuildConfiguration;
			buildSettings = {
				ALWAYS_SEARCH_USER_PATHS = NO;
				CLANG_CXX_LANGUAGE_STANDARD = "gnu++0x";
				CLANG_CXX_LIBRARY = "libc++";
				CLANG_ENABLE_MODULES = YES;
				CLANG_ENABLE_OBJC_ARC = YES;
				CLANG_WARN_BOOL_CONVERSION = YES;
				CLANG_WARN_CONSTANT_CONVERSION = YES;
				CLANG_WARN_DIRECT_OBJC_ISA_USAGE = YES_ERROR;
				CLANG_WARN_EMPTY_BODY = YES;
				CLANG_WARN_ENUM_CONVERSION = YES;
				CLANG_WARN_INT_CONVERSION = YES;
				CLANG_WARN_OBJC_ROOT_CLASS = YES_ERROR;
				CLANG_WARN_UNREACHABLE_CODE = YES;
				CLANG_WARN__DUPLICATE_METHOD_MATCH = YES;
				"CODE_SIGN_IDENTITY[sdk=iphoneos*]" = "iPhone Developer";
				COPY_PHASE_STRIP = NO;
				DEBUG_INFORMATION_FORMAT = dwarf;
				ENABLE_STRICT_OBJC_MSGSEND = YES;
				ENABLE_TESTABILITY = YES;
				GCC_C_LANGUAGE_STANDARD = gnu99;
				GCC_DYNAMIC_NO_PIC = NO;
				GCC_GENERATE_TEST_COVERAGE_FILES = YES;
				GCC_INSTRUMENT_PROGRAM_FLOW_ARCS = YES;
				GCC_NO_COMMON_BLOCKS = YES;
				GCC_OPTIMIZATION_LEVEL = 0;
				GCC_PREPROCESSOR_DEFINITIONS = (
					"DEBUG=1",
					"$(inherited)",
				);
				GCC_WARN_64_TO_32_BIT_CONVERSION = YES;
				GCC_WARN_ABOUT_RETURN_TYPE = YES_ERROR;
				GCC_WARN_UNDECLARED_SELECTOR = YES;
				GCC_WARN_UNINITIALIZED_AUTOS = YES_AGGRESSIVE;
				GCC_WARN_UNUSED_FUNCTION = YES;
				GCC_WARN_UNUSED_VARIABLE = YES;
				IPHONEOS_DEPLOYMENT_TARGET = 9.0;
				MTL_ENABLE_DEBUG_INFO = YES;
				ONLY_ACTIVE_ARCH = YES;
				SDKROOT = iphoneos;
				TARGETED_DEVICE_FAMILY = "1,2";
			};
			name = Debug;
		};
		B012205E1BB70F900018D566 /* Release */ = {
			isa = XCBuildConfiguration;
			buildSettings = {
				ALWAYS_SEARCH_USER_PATHS = NO;
				CLANG_CXX_LANGUAGE_STANDARD = "gnu++0x";
				CLANG_CXX_LIBRARY = "libc++";
				CLANG_ENABLE_MODULES = YES;
				CLANG_ENABLE_OBJC_ARC = YES;
				CLANG_WARN_BOOL_CONVERSION = YES;
				CLANG_WARN_CONSTANT_CONVERSION = YES;
				CLANG_WARN_DIRECT_OBJC_ISA_USAGE = YES_ERROR;
				CLANG_WARN_EMPTY_BODY = YES;
				CLANG_WARN_ENUM_CONVERSION = YES;
				CLANG_WARN_INT_CONVERSION = YES;
				CLANG_WARN_OBJC_ROOT_CLASS = YES_ERROR;
				CLANG_WARN_UNREACHABLE_CODE = YES;
				CLANG_WARN__DUPLICATE_METHOD_MATCH = YES;
				"CODE_SIGN_IDENTITY[sdk=iphoneos*]" = "iPhone Developer";
				COPY_PHASE_STRIP = NO;
				DEBUG_INFORMATION_FORMAT = "dwarf-with-dsym";
				ENABLE_NS_ASSERTIONS = NO;
				ENABLE_STRICT_OBJC_MSGSEND = YES;
				GCC_C_LANGUAGE_STANDARD = gnu99;
				GCC_GENERATE_TEST_COVERAGE_FILES = YES;
				GCC_INSTRUMENT_PROGRAM_FLOW_ARCS = YES;
				GCC_NO_COMMON_BLOCKS = YES;
				GCC_WARN_64_TO_32_BIT_CONVERSION = YES;
				GCC_WARN_ABOUT_RETURN_TYPE = YES_ERROR;
				GCC_WARN_UNDECLARED_SELECTOR = YES;
				GCC_WARN_UNINITIALIZED_AUTOS = YES_AGGRESSIVE;
				GCC_WARN_UNUSED_FUNCTION = YES;
				GCC_WARN_UNUSED_VARIABLE = YES;
				IPHONEOS_DEPLOYMENT_TARGET = 9.0;
				MTL_ENABLE_DEBUG_INFO = NO;
				SDKROOT = iphoneos;
				TARGETED_DEVICE_FAMILY = "1,2";
				VALIDATE_PRODUCT = YES;
			};
			name = Release;
		};
		B01220601BB70F900018D566 /* Debug */ = {
			isa = XCBuildConfiguration;
			baseConfigurationReference = E73CB5900D7A87D29B6FD5D9 /* Pods-ConfreaksMTV.debug.xcconfig */;
			buildSettings = {
				ASSETCATALOG_COMPILER_APPICON_NAME = AppIcon;
				INFOPLIST_FILE = ConfreaksMTV/Info.plist;
				IPHONEOS_DEPLOYMENT_TARGET = 8.4;
				LD_RUNPATH_SEARCH_PATHS = "$(inherited) @executable_path/Frameworks";
				PRODUCT_BUNDLE_IDENTIFIER = anton.kostenich.ConfreaksMTV;
				PRODUCT_NAME = "$(TARGET_NAME)";
			};
			name = Debug;
		};
		B01220611BB70F900018D566 /* Release */ = {
			isa = XCBuildConfiguration;
			baseConfigurationReference = BC951236FEC73AEF05EBED65 /* Pods-ConfreaksMTV.release.xcconfig */;
			buildSettings = {
				ASSETCATALOG_COMPILER_APPICON_NAME = AppIcon;
				INFOPLIST_FILE = ConfreaksMTV/Info.plist;
				IPHONEOS_DEPLOYMENT_TARGET = 8.4;
				LD_RUNPATH_SEARCH_PATHS = "$(inherited) @executable_path/Frameworks";
				PRODUCT_BUNDLE_IDENTIFIER = anton.kostenich.ConfreaksMTV;
				PRODUCT_NAME = "$(TARGET_NAME)";
			};
			name = Release;
		};
		B01220631BB70F900018D566 /* Debug */ = {
			isa = XCBuildConfiguration;
			baseConfigurationReference = DA0416859718DF45CE4C38A8 /* Pods-ConfreaksMTVTests.debug.xcconfig */;
			buildSettings = {
				BUNDLE_LOADER = "$(TEST_HOST)";
				INFOPLIST_FILE = ConfreaksMTVTests/Info.plist;
				LD_RUNPATH_SEARCH_PATHS = "$(inherited) @executable_path/Frameworks @loader_path/Frameworks";
				PRODUCT_BUNDLE_IDENTIFIER = anton.kostenich.ConfreaksMTVTests;
				PRODUCT_NAME = "$(TARGET_NAME)";
				TEST_HOST = "$(BUILT_PRODUCTS_DIR)/ConfreaksMTV.app/ConfreaksMTV";
			};
			name = Debug;
		};
		B01220641BB70F900018D566 /* Release */ = {
			isa = XCBuildConfiguration;
			baseConfigurationReference = 1E32CF32E7F6394400320713 /* Pods-ConfreaksMTVTests.release.xcconfig */;
			buildSettings = {
				BUNDLE_LOADER = "$(TEST_HOST)";
				INFOPLIST_FILE = ConfreaksMTVTests/Info.plist;
				LD_RUNPATH_SEARCH_PATHS = "$(inherited) @executable_path/Frameworks @loader_path/Frameworks";
				PRODUCT_BUNDLE_IDENTIFIER = anton.kostenich.ConfreaksMTVTests;
				PRODUCT_NAME = "$(TARGET_NAME)";
				TEST_HOST = "$(BUILT_PRODUCTS_DIR)/ConfreaksMTV.app/ConfreaksMTV";
			};
			name = Release;
		};
		B01220661BB70F900018D566 /* Debug */ = {
			isa = XCBuildConfiguration;
			buildSettings = {
				INFOPLIST_FILE = ConfreaksMTVUITests/Info.plist;
				LD_RUNPATH_SEARCH_PATHS = "$(inherited) @executable_path/Frameworks @loader_path/Frameworks";
				PRODUCT_BUNDLE_IDENTIFIER = anton.kostenich.ConfreaksMTVUITests;
				PRODUCT_NAME = "$(TARGET_NAME)";
				TEST_TARGET_NAME = ConfreaksMTV;
				USES_XCTRUNNER = YES;
			};
			name = Debug;
		};
		B01220671BB70F900018D566 /* Release */ = {
			isa = XCBuildConfiguration;
			buildSettings = {
				INFOPLIST_FILE = ConfreaksMTVUITests/Info.plist;
				LD_RUNPATH_SEARCH_PATHS = "$(inherited) @executable_path/Frameworks @loader_path/Frameworks";
				PRODUCT_BUNDLE_IDENTIFIER = anton.kostenich.ConfreaksMTVUITests;
				PRODUCT_NAME = "$(TARGET_NAME)";
				TEST_TARGET_NAME = ConfreaksMTV;
				USES_XCTRUNNER = YES;
			};
			name = Release;
		};
/* End XCBuildConfiguration section */

/* Begin XCConfigurationList section */
		B012202D1BB70F900018D566 /* Build configuration list for PBXProject "ConfreaksMTV" */ = {
			isa = XCConfigurationList;
			buildConfigurations = (
				B012205D1BB70F900018D566 /* Debug */,
				B012205E1BB70F900018D566 /* Release */,
			);
			defaultConfigurationIsVisible = 0;
			defaultConfigurationName = Release;
		};
		B012205F1BB70F900018D566 /* Build configuration list for PBXNativeTarget "ConfreaksMTV" */ = {
			isa = XCConfigurationList;
			buildConfigurations = (
				B01220601BB70F900018D566 /* Debug */,
				B01220611BB70F900018D566 /* Release */,
			);
			defaultConfigurationIsVisible = 0;
			defaultConfigurationName = Release;
		};
		B01220621BB70F900018D566 /* Build configuration list for PBXNativeTarget "ConfreaksMTVTests" */ = {
			isa = XCConfigurationList;
			buildConfigurations = (
				B01220631BB70F900018D566 /* Debug */,
				B01220641BB70F900018D566 /* Release */,
			);
			defaultConfigurationIsVisible = 0;
			defaultConfigurationName = Release;
		};
		B01220651BB70F900018D566 /* Build configuration list for PBXNativeTarget "ConfreaksMTVUITests" */ = {
			isa = XCConfigurationList;
			buildConfigurations = (
				B01220661BB70F900018D566 /* Debug */,
				B01220671BB70F900018D566 /* Release */,
			);
			defaultConfigurationIsVisible = 0;
			defaultConfigurationName = Release;
		};
/* End XCConfigurationList section */
	};
	rootObject = B012202A1BB70F900018D566 /* Project object */;
}
